
Microsoft Visual Studio Solution File, Format Version 12.00
# Visual Studio Version 16
VisualStudioVersion = 16.0.32929.386
MinimumVisualStudioVersion = 10.0.40219.1
Project("{FAE04EC0-301F-11D3-BF4B-00C04F79EFBC}") = "SalesWebMvc", "SalesWebMvc\SalesWebMvc.csproj", "{FAAD8154-843C-4AA9-87ED-C609B8B140C7}"
EndProject
Global
	GlobalSection(SolutionConfigurationPlatforms) = preSolution
		Debug|Any CPU = Debug|Any CPU
		Release|Any CPU = Release|Any CPU
	EndGlobalSection
	GlobalSection(ProjectConfigurationPlatforms) = postSolution
		{FAAD8154-843C-4AA9-87ED-C609B8B140C7}.Debug|Any CPU.ActiveCfg = Debug|Any CPU
		{FAAD8154-843C-4AA9-87ED-C609B8B140C7}.Debug|Any CPU.Build.0 = Debug|Any CPU
		{FAAD8154-843C-4AA9-87ED-C609B8B140C7}.Release|Any CPU.ActiveCfg = Release|Any CPU
		{FAAD8154-843C-4AA9-87ED-C609B8B140C7}.Release|Any CPU.Build.0 = Release|Any CPU
	EndGlobalSection
	GlobalSection(SolutionProperties) = preSolution
		HideSolutionNode = FALSE
	EndGlobalSection
	GlobalSection(ExtensibilityGlobals) = postSolution
		SolutionGuid = {F3786416-8C19-4BDB-8C66-19F49E542B93}
	EndGlobalSection
EndGlobal
